PODS:
  - LXModalPickerViewManager (1.2.2)

DEPENDENCIES:
  - LXModalPickerViewManager (from `./`)

EXTERNAL SOURCES:
  LXModalPickerViewManager:
    :path: "./"

SPEC CHECKSUMS:
  LXModalPickerViewManager: e0e286d4a4976a6b3bf5c1bf0c70c75fbcf05b73

PODFILE CHECKSUM: 78e17c8ba1f506afc30996848f9f2c9cada9f9f5

COCOAPODS: 1.9.3
