PODS:
  - LXModalPickerViewManager (1.1.0)

DEPENDENCIES:
  - LXModalPickerViewManager (from `./`)

EXTERNAL SOURCES:
  LXModalPickerViewManager:
    :path: "./"

SPEC CHECKSUMS:
  LXModalPickerViewManager: 9d9f060162756049f8455253a8f4ee353609ced5

PODFILE CHECKSUM: b6d082586636b106062e7dbbf1d587f430a95fb8

COCOAPODS: 1.9.3
